{
  "object": {
    "pins": [
      {
        "package": "DefaultsWrapper",
        "repositoryURL": "https://github.com/Pyroh/DefaultsWrapper.git",
        "state": {
          "branch": null,
          "revision": "649794e5c7af45f69d1e128a3c9fd0fe1cde282e",
          "version": "1.2.0"
        }
      }
    ]
  },
  "version": 1
}
