{
  "pins" : [
    {
      "identity" : "coregeometry",
      "kind" : "remoteSourceControl",
      "location" : "https://github.com/Pyroh/CoreGeometry.git",
      "state" : {
        "revision" : "cb889693a49504f4abd7f5f3fe0f84553750948f",
        "version" : "6.0.0"
      }
    },
    {
      "identity" : "defaultswrapper",
      "kind" : "remoteSourceControl",
      "location" : "https://github.com/Pyroh/DefaultsWrapper.git",
      "state" : {
        "revision" : "ba13b973c1bec40ba1a3db5e05eaa4e2d07f124f",
        "version" : "1.3.0"
      }
    },
    {
      "identity" : "smoothoperators",
      "kind" : "remoteSourceControl",
      "location" : "https://github.com/Pyroh/SmoothOperators.git",
      "state" : {
        "revision" : "cd9392d7b3466bd30148bec594a2c56ecb7b7c2d",
        "version" : "0.18.0"
      }
    }
  ],
  "version" : 2
}
