// !$*UTF8*$!
{
	archiveVersion = 1;
	classes = {
	};
	objectVersion = 48;
	objects = {

/* Begin PBXBuildFile section */
		3F0A2A302014BA11009F9610 /* RunningAppsViewController.swift in Sources */ = {isa = PBXBuildFile; fileRef = 3F0A2A2F2014BA11009F9610 /* RunningAppsViewController.swift */; };
		3F0A2A332014BA2D009F9610 /* RunningApps.storyboard in Resources */ = {isa = PBXBuildFile; fileRef = 3F0A2A312014BA2D009F9610 /* RunningApps.storyboard */; };
		3F2571F41FDBD43500020194 /* TableViewContentAnimator.swift in Sources */ = {isa = PBXBuildFile; fileRef = 3F2571F31FDBD43500020194 /* TableViewContentAnimator.swift */; };
		3F2FA3FF1D79D094003E2AD8 /* StatusMenuController.swift in Sources */ = {isa = PBXBuildFile; fileRef = 3F2FA3FE1D79D094003E2AD8 /* StatusMenuController.swift */; };
		3F2FA4011D79D66D003E2AD8 /* DefaultModeViewController.swift in Sources */ = {isa = PBXBuildFile; fileRef = 3F2FA4001D79D66D003E2AD8 /* DefaultModeViewController.swift */; };
		3F2FA4031D7A059F003E2AD8 /* CurrentAppViewController.swift in Sources */ = {isa = PBXBuildFile; fileRef = 3F2FA4021D7A059F003E2AD8 /* CurrentAppViewController.swift */; };
		3F2FA4051D7A1F87003E2AD8 /* BehaviorManager.swift in Sources */ = {isa = PBXBuildFile; fileRef = 3F2FA4041D7A1F87003E2AD8 /* BehaviorManager.swift */; };
		3F3433311E50C2E0009F4D86 /* ReleaseNotesWindowController.swift in Sources */ = {isa = PBXBuildFile; fileRef = 3F34332F1E50C2E0009F4D86 /* ReleaseNotesWindowController.swift */; };
		3F3433321E50C2E0009F4D86 /* ReleaseNotesWindowController.xib in Resources */ = {isa = PBXBuildFile; fileRef = 3F3433301E50C2E0009F4D86 /* ReleaseNotesWindowController.xib */; };
		3F3433341E50C53A009F4D86 /* ReleaseNotes.rtf in Resources */ = {isa = PBXBuildFile; fileRef = 3F3433331E50C53A009F4D86 /* ReleaseNotes.rtf */; };
		3F3CF3481FBF8B79005E8EB0 /* Preferences.storyboard in Resources */ = {isa = PBXBuildFile; fileRef = 3F3CF3471FBF8B79005E8EB0 /* Preferences.storyboard */; };
		3F4ABD0E201937B30075B178 /* RulesEditor.storyboard in Resources */ = {isa = PBXBuildFile; fileRef = 3F4ABD0C201937B30075B178 /* RulesEditor.storyboard */; };
		3F4ABD1020193B8D0075B178 /* RulesEditorViewController.swift in Sources */ = {isa = PBXBuildFile; fileRef = 3F4ABD0F20193B8D0075B178 /* RulesEditorViewController.swift */; };
		3F5F57582016249E002AF4C1 /* RunningAppWindowController.swift in Sources */ = {isa = PBXBuildFile; fileRef = 3F5F57572016249E002AF4C1 /* RunningAppWindowController.swift */; };
		3F697A0C1F88D47C007BA558 /* MoverEffectView.swift in Sources */ = {isa = PBXBuildFile; fileRef = 3F697A0B1F88D47C007BA558 /* MoverEffectView.swift */; };
		3F6D52C32058737F00517E57 /* HockeySDK.framework in Frameworks */ = {isa = PBXBuildFile; fileRef = 3F6D52C22058737F00517E57 /* HockeySDK.framework */; };
		3F6D52C4205875BB00517E57 /* HockeySDK.framework in Frameworks */ = {isa = PBXBuildFile; fileRef = 3F6D52C22058737F00517E57 /* HockeySDK.framework */; };
		3F6D52C5205875BB00517E57 /* HockeySDK.framework in Embed Frameworks */ = {isa = PBXBuildFile; fileRef = 3F6D52C22058737F00517E57 /* HockeySDK.framework */; settings = {ATTRIBUTES = (CodeSignOnCopy, RemoveHeadersOnCopy, ); }; };
		3F6D52C7205BC82B00517E57 /* KeepSafe.swift in Sources */ = {isa = PBXBuildFile; fileRef = 3F6D52C6205BC82B00517E57 /* KeepSafe.swift */; };
		3F6D52CA2069659800517E57 /* About.storyboard in Resources */ = {isa = PBXBuildFile; fileRef = 3F6D52C82069659800517E57 /* About.storyboard */; };
		3F6D52CC2069667300517E57 /* AboutViewController.swift in Sources */ = {isa = PBXBuildFile; fileRef = 3F6D52CB2069667300517E57 /* AboutViewController.swift */; };
		3F6D52CE20696E2100517E57 /* LinkButton.swift in Sources */ = {isa = PBXBuildFile; fileRef = 3F6D52CD20696E2100517E57 /* LinkButton.swift */; };
		3F719FDE1FE798600083E7F7 /* SwitchMenuItem.swift in Sources */ = {isa = PBXBuildFile; fileRef = 3F719FDD1FE798600083E7F7 /* SwitchMenuItem.swift */; };
		3F7291EF2025BD22005C9B70 /* Sparkle.framework in Frameworks */ = {isa = PBXBuildFile; fileRef = 3F7291ED2025BD1E005C9B70 /* Sparkle.framework */; };
		3F7291F02025BD22005C9B70 /* Sparkle.framework in Embed Frameworks */ = {isa = PBXBuildFile; fileRef = 3F7291ED2025BD1E005C9B70 /* Sparkle.framework */; settings = {ATTRIBUTES = (CodeSignOnCopy, RemoveHeadersOnCopy, ); }; };
		3F7291F22028BC6B005C9B70 /* PreferencesWindowController.swift in Sources */ = {isa = PBXBuildFile; fileRef = 3F7291F12028BC6B005C9B70 /* PreferencesWindowController.swift */; };
		3F7C349C1ED5EBAA0020C538 /* BehaviorController.swift in Sources */ = {isa = PBXBuildFile; fileRef = 3F7C349B1ED5EBAA0020C538 /* BehaviorController.swift */; };
		3F84FE81200E655E00871275 /* StoryboardInstantiableProtocol.swift in Sources */ = {isa = PBXBuildFile; fileRef = 3F84FE80200E655E00871275 /* StoryboardInstantiableProtocol.swift */; };
		3F866A222002203900B06CD0 /* TemplateImageView.swift in Sources */ = {isa = PBXBuildFile; fileRef = 3F866A212002203900B06CD0 /* TemplateImageView.swift */; };
		3F866A24200240D200B06CD0 /* NSObjectExtension.swift in Sources */ = {isa = PBXBuildFile; fileRef = 3F866A23200240D200B06CD0 /* NSObjectExtension.swift */; };
		3F8879911FBF41EC005C28E6 /* NSStoryboardNamesExtension.swift in Sources */ = {isa = PBXBuildFile; fileRef = 3F8879901FBF41EC005C28E6 /* NSStoryboardNamesExtension.swift */; };
		3F8879931FBF5F2A005C28E6 /* PreferencesTabViewController.swift in Sources */ = {isa = PBXBuildFile; fileRef = 3F8879921FBF5F2A005C28E6 /* PreferencesTabViewController.swift */; };
		3F8F93BB1EEAC9B900FCE91F /* RuleCellView.swift in Sources */ = {isa = PBXBuildFile; fileRef = 3F8F93BA1EEAC9B900FCE91F /* RuleCellView.swift */; };
		3F8F93BD1EEAF1EB00FCE91F /* RuleValueTransformer.swift in Sources */ = {isa = PBXBuildFile; fileRef = 3F8F93BC1EEAF1EB00FCE91F /* RuleValueTransformer.swift */; };
		3FA012B51FFBCCE50095D4D4 /* SelectableMenuItem.swift in Sources */ = {isa = PBXBuildFile; fileRef = 3FA012B41FFBCCE50095D4D4 /* SelectableMenuItem.swift */; };
		3FA012B71FFBE9AB0095D4D4 /* SelectableMenuItemView.xib in Resources */ = {isa = PBXBuildFile; fileRef = 3FA012B61FFBE9AB0095D4D4 /* SelectableMenuItemView.xib */; };
		3FC44EFA1D7F169A0065D433 /* Enums.swift in Sources */ = {isa = PBXBuildFile; fileRef = 3FC44EF91D7F169A0065D433 /* Enums.swift */; };
		3FC44EFC1D7F16CB0065D433 /* RulesItem.swift in Sources */ = {isa = PBXBuildFile; fileRef = 3FC44EFB1D7F16CB0065D433 /* RulesItem.swift */; };
		3FCD16A51D79793600C57B22 /* AppDelegate.swift in Sources */ = {isa = PBXBuildFile; fileRef = 3FCD16A41D79793600C57B22 /* AppDelegate.swift */; };
		3FCD16A71D79793600C57B22 /* Assets.xcassets in Resources */ = {isa = PBXBuildFile; fileRef = 3FCD16A61D79793600C57B22 /* Assets.xcassets */; };
		3FCD16AA1D79793600C57B22 /* MainMenu.xib in Resources */ = {isa = PBXBuildFile; fileRef = 3FCD16A81D79793600C57B22 /* MainMenu.xib */; };
		3FCD16B41D79797600C57B22 /* utils.m in Sources */ = {isa = PBXBuildFile; fileRef = 3FCD16B31D79797600C57B22 /* utils.m */; };
		3FE213291D89A6940023FAC2 /* NotificationHelpers.swift in Sources */ = {isa = PBXBuildFile; fileRef = 3FE213281D89A6940023FAC2 /* NotificationHelpers.swift */; };
		3FE2A5F51E5650ED0011E544 /* MenuItemsController.swift in Sources */ = {isa = PBXBuildFile; fileRef = 3FE2A5F41E5650ED0011E544 /* MenuItemsController.swift */; };
		3FE784DD2052F591007F6200 /* NSViewExtension.swift in Sources */ = {isa = PBXBuildFile; fileRef = 3FE784DC2052F591007F6200 /* NSViewExtension.swift */; };
		3FE784DF2053D208007F6200 /* FirstMouseEventAccepterView.swift in Sources */ = {isa = PBXBuildFile; fileRef = 3FE784DE2053D208007F6200 /* FirstMouseEventAccepterView.swift */; };
		3FE784E12053D455007F6200 /* README.md in Resources */ = {isa = PBXBuildFile; fileRef = 3FE784E02053D455007F6200 /* README.md */; };
		3FE7E0E01D7CA14600DC754D /* LaunchAtLoginController.m in Sources */ = {isa = PBXBuildFile; fileRef = 3FE7E0DF1D7CA14600DC754D /* LaunchAtLoginController.m */; };
		3FE7E0E31D7CBE1700DC754D /* AboutWindowController.swift in Sources */ = {isa = PBXBuildFile; fileRef = 3FE7E0E11D7CBE1700DC754D /* AboutWindowController.swift */; };
		3FE7E0EA1D7CC01B00DC754D /* RulesEditorWindowController.swift in Sources */ = {isa = PBXBuildFile; fileRef = 3FE7E0E81D7CC01B00DC754D /* RulesEditorWindowController.swift */; };
		3FF2410B1EDB4E0000E524CD /* SwitchMethodViewController.swift in Sources */ = {isa = PBXBuildFile; fileRef = 3FF2410A1EDB4E0000E524CD /* SwitchMethodViewController.swift */; };
/* End PBXBuildFile section */

/* Begin PBXCopyFilesBuildPhase section */
		3F7291E82025BCFF005C9B70 /* Embed Frameworks */ = {
			isa = PBXCopyFilesBuildPhase;
			buildActionMask = 2147483647;
			dstPath = "";
			dstSubfolderSpec = 10;
			files = (
				3F6D52C5205875BB00517E57 /* HockeySDK.framework in Embed Frameworks */,
				3F7291F02025BD22005C9B70 /* Sparkle.framework in Embed Frameworks */,
			);
			name = "Embed Frameworks";
			runOnlyForDeploymentPostprocessing = 0;
		};
/* End PBXCopyFilesBuildPhase section */

/* Begin PBXFileReference section */
		3F0A2A2F2014BA11009F9610 /* RunningAppsViewController.swift */ = {isa = PBXFileReference; lastKnownFileType = sourcecode.swift; path = RunningAppsViewController.swift; sourceTree = "<group>"; };
		3F0A2A322014BA2D009F9610 /* Base */ = {isa = PBXFileReference; lastKnownFileType = file.storyboard; name = Base; path = Base.lproj/RunningApps.storyboard; sourceTree = "<group>"; };
		3F0E64141D8A8A59003243FE /* Fluor-Bridging-Header.h */ = {isa = PBXFileReference; lastKnownFileType = sourcecode.c.h; path = "Fluor-Bridging-Header.h"; sourceTree = "<group>"; };
		3F2571F31FDBD43500020194 /* TableViewContentAnimator.swift */ = {isa = PBXFileReference; lastKnownFileType = sourcecode.swift; path = TableViewContentAnimator.swift; sourceTree = "<group>"; };
		3F2FA3FE1D79D094003E2AD8 /* StatusMenuController.swift */ = {isa = PBXFileReference; fileEncoding = 4; lastKnownFileType = sourcecode.swift; path = StatusMenuController.swift; sourceTree = "<group>"; };
		3F2FA4001D79D66D003E2AD8 /* DefaultModeViewController.swift */ = {isa = PBXFileReference; fileEncoding = 4; lastKnownFileType = sourcecode.swift; path = DefaultModeViewController.swift; sourceTree = "<group>"; };
		3F2FA4021D7A059F003E2AD8 /* CurrentAppViewController.swift */ = {isa = PBXFileReference; fileEncoding = 4; lastKnownFileType = sourcecode.swift; path = CurrentAppViewController.swift; sourceTree = "<group>"; };
		3F2FA4041D7A1F87003E2AD8 /* BehaviorManager.swift */ = {isa = PBXFileReference; fileEncoding = 4; lastKnownFileType = sourcecode.swift; path = BehaviorManager.swift; sourceTree = "<group>"; };
		3F34332F1E50C2E0009F4D86 /* ReleaseNotesWindowController.swift */ = {isa = PBXFileReference; fileEncoding = 4; lastKnownFileType = sourcecode.swift; path = ReleaseNotesWindowController.swift; sourceTree = "<group>"; };
		3F3433301E50C2E0009F4D86 /* ReleaseNotesWindowController.xib */ = {isa = PBXFileReference; fileEncoding = 4; lastKnownFileType = file.xib; name = ReleaseNotesWindowController.xib; path = Base.lproj/ReleaseNotesWindowController.xib; sourceTree = "<group>"; };
		3F3433331E50C53A009F4D86 /* ReleaseNotes.rtf */ = {isa = PBXFileReference; fileEncoding = 4; lastKnownFileType = text.rtf; path = ReleaseNotes.rtf; sourceTree = "<group>"; };
		3F3CF3471FBF8B79005E8EB0 /* Preferences.storyboard */ = {isa = PBXFileReference; lastKnownFileType = file.storyboard; name = Preferences.storyboard; path = Base.lproj/Preferences.storyboard; sourceTree = "<group>"; };
		3F4ABD0D201937B30075B178 /* Base */ = {isa = PBXFileReference; lastKnownFileType = file.storyboard; name = Base; path = Base.lproj/RulesEditor.storyboard; sourceTree = "<group>"; };
		3F4ABD0F20193B8D0075B178 /* RulesEditorViewController.swift */ = {isa = PBXFileReference; lastKnownFileType = sourcecode.swift; path = RulesEditorViewController.swift; sourceTree = "<group>"; };
		3F5F57572016249E002AF4C1 /* RunningAppWindowController.swift */ = {isa = PBXFileReference; lastKnownFileType = sourcecode.swift; path = RunningAppWindowController.swift; sourceTree = "<group>"; };
		3F697A0B1F88D47C007BA558 /* MoverEffectView.swift */ = {isa = PBXFileReference; lastKnownFileType = sourcecode.swift; path = MoverEffectView.swift; sourceTree = "<group>"; };
		3F6D52C22058737F00517E57 /* HockeySDK.framework */ = {isa = PBXFileReference; lastKnownFileType = wrapper.framework; name = HockeySDK.framework; path = "HockeySDK-Mac/HockeySDK.framework"; sourceTree = "<group>"; };
		3F6D52C6205BC82B00517E57 /* KeepSafe.swift */ = {isa = PBXFileReference; lastKnownFileType = sourcecode.swift; path = KeepSafe.swift; sourceTree = "<group>"; };
		3F6D52C92069659800517E57 /* Base */ = {isa = PBXFileReference; lastKnownFileType = file.storyboard; name = Base; path = Base.lproj/About.storyboard; sourceTree = "<group>"; };
		3F6D52CB2069667300517E57 /* AboutViewController.swift */ = {isa = PBXFileReference; lastKnownFileType = sourcecode.swift; path = AboutViewController.swift; sourceTree = "<group>"; };
		3F6D52CD20696E2100517E57 /* LinkButton.swift */ = {isa = PBXFileReference; lastKnownFileType = sourcecode.swift; path = LinkButton.swift; sourceTree = "<group>"; };
		3F719FDD1FE798600083E7F7 /* SwitchMenuItem.swift */ = {isa = PBXFileReference; lastKnownFileType = sourcecode.swift; path = SwitchMenuItem.swift; sourceTree = "<group>"; };
		3F7291ED2025BD1E005C9B70 /* Sparkle.framework */ = {isa = PBXFileReference; lastKnownFileType = wrapper.framework; name = Sparkle.framework; path = Fluor/Sparkle.framework; sourceTree = "<group>"; };
		3F7291F12028BC6B005C9B70 /* PreferencesWindowController.swift */ = {isa = PBXFileReference; lastKnownFileType = sourcecode.swift; path = PreferencesWindowController.swift; sourceTree = "<group>"; };
		3F7C349B1ED5EBAA0020C538 /* BehaviorController.swift */ = {isa = PBXFileReference; fileEncoding = 4; lastKnownFileType = sourcecode.swift; path = BehaviorController.swift; sourceTree = "<group>"; };
		3F84FE80200E655E00871275 /* StoryboardInstantiableProtocol.swift */ = {isa = PBXFileReference; lastKnownFileType = sourcecode.swift; path = StoryboardInstantiableProtocol.swift; sourceTree = "<group>"; };
		3F866A212002203900B06CD0 /* TemplateImageView.swift */ = {isa = PBXFileReference; lastKnownFileType = sourcecode.swift; path = TemplateImageView.swift; sourceTree = "<group>"; };
		3F866A23200240D200B06CD0 /* NSObjectExtension.swift */ = {isa = PBXFileReference; lastKnownFileType = sourcecode.swift; path = NSObjectExtension.swift; sourceTree = "<group>"; };
		3F8879901FBF41EC005C28E6 /* NSStoryboardNamesExtension.swift */ = {isa = PBXFileReference; lastKnownFileType = sourcecode.swift; path = NSStoryboardNamesExtension.swift; sourceTree = "<group>"; };
		3F8879921FBF5F2A005C28E6 /* PreferencesTabViewController.swift */ = {isa = PBXFileReference; lastKnownFileType = sourcecode.swift; path = PreferencesTabViewController.swift; sourceTree = "<group>"; };
		3F8F93BA1EEAC9B900FCE91F /* RuleCellView.swift */ = {isa = PBXFileReference; fileEncoding = 4; lastKnownFileType = sourcecode.swift; path = RuleCellView.swift; sourceTree = "<group>"; };
		3F8F93BC1EEAF1EB00FCE91F /* RuleValueTransformer.swift */ = {isa = PBXFileReference; fileEncoding = 4; lastKnownFileType = sourcecode.swift; path = RuleValueTransformer.swift; sourceTree = "<group>"; };
		3FA012B41FFBCCE50095D4D4 /* SelectableMenuItem.swift */ = {isa = PBXFileReference; lastKnownFileType = sourcecode.swift; path = SelectableMenuItem.swift; sourceTree = "<group>"; };
		3FA012B61FFBE9AB0095D4D4 /* SelectableMenuItemView.xib */ = {isa = PBXFileReference; lastKnownFileType = file.xib; name = SelectableMenuItemView.xib; path = Base.lproj/SelectableMenuItemView.xib; sourceTree = "<group>"; };
		3FC44EF91D7F169A0065D433 /* Enums.swift */ = {isa = PBXFileReference; fileEncoding = 4; lastKnownFileType = sourcecode.swift; path = Enums.swift; sourceTree = "<group>"; };
		3FC44EFB1D7F16CB0065D433 /* RulesItem.swift */ = {isa = PBXFileReference; fileEncoding = 4; lastKnownFileType = sourcecode.swift; path = RulesItem.swift; sourceTree = "<group>"; };
		3FCD16A11D79793600C57B22 /* Fluor.app */ = {isa = PBXFileReference; explicitFileType = wrapper.application; includeInIndex = 0; path = Fluor.app; sourceTree = BUILT_PRODUCTS_DIR; };
		3FCD16A41D79793600C57B22 /* AppDelegate.swift */ = {isa = PBXFileReference; lastKnownFileType = sourcecode.swift; path = AppDelegate.swift; sourceTree = "<group>"; };
		3FCD16A61D79793600C57B22 /* Assets.xcassets */ = {isa = PBXFileReference; lastKnownFileType = folder.assetcatalog; path = Assets.xcassets; sourceTree = "<group>"; };
		3FCD16A91D79793600C57B22 /* Base */ = {isa = PBXFileReference; lastKnownFileType = file.xib; name = Base; path = Base.lproj/MainMenu.xib; sourceTree = "<group>"; };
		3FCD16AB1D79793600C57B22 /* Info.plist */ = {isa = PBXFileReference; lastKnownFileType = text.plist.xml; path = Info.plist; sourceTree = "<group>"; };
		3FCD16B21D79797600C57B22 /* utils.h */ = {isa = PBXFileReference; fileEncoding = 4; lastKnownFileType = sourcecode.c.h; path = utils.h; sourceTree = "<group>"; };
		3FCD16B31D79797600C57B22 /* utils.m */ = {isa = PBXFileReference; fileEncoding = 4; lastKnownFileType = sourcecode.c.objc; path = utils.m; sourceTree = "<group>"; };
		3FE213281D89A6940023FAC2 /* NotificationHelpers.swift */ = {isa = PBXFileReference; fileEncoding = 4; lastKnownFileType = sourcecode.swift; path = NotificationHelpers.swift; sourceTree = "<group>"; };
		3FE2A5F41E5650ED0011E544 /* MenuItemsController.swift */ = {isa = PBXFileReference; fileEncoding = 4; lastKnownFileType = sourcecode.swift; path = MenuItemsController.swift; sourceTree = "<group>"; };
		3FE784DC2052F591007F6200 /* NSViewExtension.swift */ = {isa = PBXFileReference; lastKnownFileType = sourcecode.swift; path = NSViewExtension.swift; sourceTree = "<group>"; };
		3FE784DE2053D208007F6200 /* FirstMouseEventAccepterView.swift */ = {isa = PBXFileReference; lastKnownFileType = sourcecode.swift; path = FirstMouseEventAccepterView.swift; sourceTree = "<group>"; };
		3FE784E02053D455007F6200 /* README.md */ = {isa = PBXFileReference; fileEncoding = 4; lastKnownFileType = net.daringfireball.markdown; path = README.md; sourceTree = SOURCE_ROOT; };
		3FE7E0DE1D7CA14600DC754D /* LaunchAtLoginController.h */ = {isa = PBXFileReference; fileEncoding = 4; lastKnownFileType = sourcecode.c.h; path = LaunchAtLoginController.h; sourceTree = "<group>"; };
		3FE7E0DF1D7CA14600DC754D /* LaunchAtLoginController.m */ = {isa = PBXFileReference; fileEncoding = 4; lastKnownFileType = sourcecode.c.objc; path = LaunchAtLoginController.m; sourceTree = "<group>"; };
		3FE7E0E11D7CBE1700DC754D /* AboutWindowController.swift */ = {isa = PBXFileReference; fileEncoding = 4; lastKnownFileType = sourcecode.swift; path = AboutWindowController.swift; sourceTree = "<group>"; };
		3FE7E0E81D7CC01B00DC754D /* RulesEditorWindowController.swift */ = {isa = PBXFileReference; fileEncoding = 4; lastKnownFileType = sourcecode.swift; path = RulesEditorWindowController.swift; sourceTree = "<group>"; };
		3FF2410A1EDB4E0000E524CD /* SwitchMethodViewController.swift */ = {isa = PBXFileReference; fileEncoding = 4; lastKnownFileType = sourcecode.swift; path = SwitchMethodViewController.swift; sourceTree = "<group>"; };
/* End PBXFileReference section */

/* Begin PBXFrameworksBuildPhase section */
		3FCD169E1D79793600C57B22 /* Frameworks */ = {
			isa = PBXFrameworksBuildPhase;
			buildActionMask = 2147483647;
			files = (
				3F6D52C32058737F00517E57 /* HockeySDK.framework in Frameworks */,
				3F7291EF2025BD22005C9B70 /* Sparkle.framework in Frameworks */,
				3F6D52C4205875BB00517E57 /* HockeySDK.framework in Frameworks */,
			);
			runOnlyForDeploymentPostprocessing = 0;
		};
/* End PBXFrameworksBuildPhase section */

/* Begin PBXGroup section */
		3F0D11F22025156B00F4585D /* MenuItems */ = {
			isa = PBXGroup;
			children = (
				3F719FDD1FE798600083E7F7 /* SwitchMenuItem.swift */,
				3FA012B41FFBCCE50095D4D4 /* SelectableMenuItem.swift */,
			);
			path = MenuItems;
			sourceTree = "<group>";
		};
		3F4ABD13201941820075B178 /* Models */ = {
			isa = PBXGroup;
			children = (
				3F2FA4041D7A1F87003E2AD8 /* BehaviorManager.swift */,
				3F8F93BC1EEAF1EB00FCE91F /* RuleValueTransformer.swift */,
				3FC44EF91D7F169A0065D433 /* Enums.swift */,
				3FC44EFB1D7F16CB0065D433 /* RulesItem.swift */,
				3F2571F31FDBD43500020194 /* TableViewContentAnimator.swift */,
			);
			path = Models;
			sourceTree = "<group>";
		};
		3F4ABD15201941C80075B178 /* Controllers */ = {
			isa = PBXGroup;
			children = (
				3FE7E0DE1D7CA14600DC754D /* LaunchAtLoginController.h */,
				3FE7E0DF1D7CA14600DC754D /* LaunchAtLoginController.m */,
				3F2FA3FE1D79D094003E2AD8 /* StatusMenuController.swift */,
				3F7C349B1ED5EBAA0020C538 /* BehaviorController.swift */,
				3FE2A5F41E5650ED0011E544 /* MenuItemsController.swift */,
				3F4C5CAC20194334006CC84A /* WindowControllers */,
				3F4C5CAE20194394006CC84A /* ViewControllers */,
			);
			path = Controllers;
			sourceTree = "<group>";
		};
		3F4C5CAC20194334006CC84A /* WindowControllers */ = {
			isa = PBXGroup;
			children = (
				3F34332F1E50C2E0009F4D86 /* ReleaseNotesWindowController.swift */,
				3F5F57572016249E002AF4C1 /* RunningAppWindowController.swift */,
				3FE7E0E81D7CC01B00DC754D /* RulesEditorWindowController.swift */,
				3F7291F12028BC6B005C9B70 /* PreferencesWindowController.swift */,
				3FE7E0E11D7CBE1700DC754D /* AboutWindowController.swift */,
			);
			path = WindowControllers;
			sourceTree = "<group>";
		};
		3F4C5CAE20194394006CC84A /* ViewControllers */ = {
			isa = PBXGroup;
			children = (
				3FF2410A1EDB4E0000E524CD /* SwitchMethodViewController.swift */,
				3F2FA4021D7A059F003E2AD8 /* CurrentAppViewController.swift */,
				3F2FA4001D79D66D003E2AD8 /* DefaultModeViewController.swift */,
				3F8879921FBF5F2A005C28E6 /* PreferencesTabViewController.swift */,
				3F0A2A2F2014BA11009F9610 /* RunningAppsViewController.swift */,
				3F4ABD0F20193B8D0075B178 /* RulesEditorViewController.swift */,
				3F6D52CB2069667300517E57 /* AboutViewController.swift */,
			);
			path = ViewControllers;
			sourceTree = "<group>";
		};
		3F4C5CAF201943F4006CC84A /* Views */ = {
			isa = PBXGroup;
			children = (
				3F0D11F22025156B00F4585D /* MenuItems */,
				3F866A212002203900B06CD0 /* TemplateImageView.swift */,
				3F8F93BA1EEAC9B900FCE91F /* RuleCellView.swift */,
				3F697A0B1F88D47C007BA558 /* MoverEffectView.swift */,
				3FE784DE2053D208007F6200 /* FirstMouseEventAccepterView.swift */,
				3F6D52CD20696E2100517E57 /* LinkButton.swift */,
			);
			path = Views;
			sourceTree = "<group>";
		};
		3F4C5CB02019441D006CC84A /* Misc */ = {
			isa = PBXGroup;
			children = (
				3FCD16A41D79793600C57B22 /* AppDelegate.swift */,
				3F6D52C6205BC82B00517E57 /* KeepSafe.swift */,
				3FCD16B21D79797600C57B22 /* utils.h */,
				3FCD16B31D79797600C57B22 /* utils.m */,
			);
			path = Misc;
			sourceTree = "<group>";
		};
		3F4C5CB12019444B006CC84A /* Protocols */ = {
			isa = PBXGroup;
			children = (
				3F84FE80200E655E00871275 /* StoryboardInstantiableProtocol.swift */,
				3FE213281D89A6940023FAC2 /* NotificationHelpers.swift */,
			);
			path = Protocols;
			sourceTree = "<group>";
		};
		3F4C5CB22019449B006CC84A /* Extensions */ = {
			isa = PBXGroup;
			children = (
				3F8879901FBF41EC005C28E6 /* NSStoryboardNamesExtension.swift */,
				3F866A23200240D200B06CD0 /* NSObjectExtension.swift */,
				3FE784DC2052F591007F6200 /* NSViewExtension.swift */,
			);
			path = Extensions;
			sourceTree = "<group>";
		};
		3F7291EC2025BD1E005C9B70 /* Frameworks */ = {
			isa = PBXGroup;
			children = (
				3F6D52C22058737F00517E57 /* HockeySDK.framework */,
				3F7291ED2025BD1E005C9B70 /* Sparkle.framework */,
			);
			name = Frameworks;
			sourceTree = "<group>";
		};
		3FCD16981D79793600C57B22 = {
			isa = PBXGroup;
			children = (
				3FCD16A31D79793600C57B22 /* Fluor */,
				3F7291EC2025BD1E005C9B70 /* Frameworks */,
				3FCD16A21D79793600C57B22 /* Products */,
			);
			sourceTree = "<group>";
		};
		3FCD16A21D79793600C57B22 /* Products */ = {
			isa = PBXGroup;
			children = (
				3FCD16A11D79793600C57B22 /* Fluor.app */,
			);
			name = Products;
			sourceTree = "<group>";
		};
		3FCD16A31D79793600C57B22 /* Fluor */ = {
			isa = PBXGroup;
			children = (
				3F4C5CB22019449B006CC84A /* Extensions */,
				3F4C5CB12019444B006CC84A /* Protocols */,
				3F4ABD13201941820075B178 /* Models */,
				3F4C5CAF201943F4006CC84A /* Views */,
				3F4ABD15201941C80075B178 /* Controllers */,
				3FE7E0E71D7CBEC700DC754D /* XIBs */,
				3F4C5CB02019441D006CC84A /* Misc */,
				3FCD16A61D79793600C57B22 /* Assets.xcassets */,
				3F3433331E50C53A009F4D86 /* ReleaseNotes.rtf */,
				3FCD16AB1D79793600C57B22 /* Info.plist */,
				3F0E64141D8A8A59003243FE /* Fluor-Bridging-Header.h */,
				3FE784E02053D455007F6200 /* README.md */,
			);
			path = Fluor;
			sourceTree = "<group>";
		};
		3FE7E0E71D7CBEC700DC754D /* XIBs */ = {
			isa = PBXGroup;
			children = (
				3FCD16A81D79793600C57B22 /* MainMenu.xib */,
				3FA012B61FFBE9AB0095D4D4 /* SelectableMenuItemView.xib */,
				3F3433301E50C2E0009F4D86 /* ReleaseNotesWindowController.xib */,
				3F0A2A312014BA2D009F9610 /* RunningApps.storyboard */,
				3F4ABD0C201937B30075B178 /* RulesEditor.storyboard */,
				3F3CF3471FBF8B79005E8EB0 /* Preferences.storyboard */,
				3F6D52C82069659800517E57 /* About.storyboard */,
			);
			name = XIBs;
			sourceTree = "<group>";
		};
/* End PBXGroup section */

/* Begin PBXNativeTarget section */
		3FCD16A01D79793600C57B22 /* Fluor */ = {
			isa = PBXNativeTarget;
			buildConfigurationList = 3FCD16AE1D79793600C57B22 /* Build configuration list for PBXNativeTarget "Fluor" */;
			buildPhases = (
				3FCD169D1D79793600C57B22 /* Sources */,
				3FCD169E1D79793600C57B22 /* Frameworks */,
				3FCD169F1D79793600C57B22 /* Resources */,
				3F5A67D61D81601200F8D87F /* ShellScript */,
				3F7291E82025BCFF005C9B70 /* Embed Frameworks */,
			);
			buildRules = (
			);
			dependencies = (
			);
			name = Fluor;
			productName = Fluor;
			productReference = 3FCD16A11D79793600C57B22 /* Fluor.app */;
			productType = "com.apple.product-type.application";
		};
/* End PBXNativeTarget section */

/* Begin PBXProject section */
		3FCD16991D79793600C57B22 /* Project object */ = {
			isa = PBXProject;
			attributes = {
				LastSwiftUpdateCheck = 0800;
				LastUpgradeCheck = 0900;
				ORGANIZATIONNAME = Pyrolyse;
				TargetAttributes = {
					3FCD16A01D79793600C57B22 = {
						CreatedOnToolsVersion = 8.0;
						DevelopmentTeam = Q2E884V952;
						LastSwiftMigration = 0900;
						ProvisioningStyle = Automatic;
						SystemCapabilities = {
							com.apple.Sandbox = {
								enabled = 0;
							};
						};
					};
				};
			};
			buildConfigurationList = 3FCD169C1D79793600C57B22 /* Build configuration list for PBXProject "Fluor" */;
			compatibilityVersion = "Xcode 8.0";
			developmentRegion = English;
			hasScannedForEncodings = 0;
			knownRegions = (
				en,
				Base,
			);
			mainGroup = 3FCD16981D79793600C57B22;
			productRefGroup = 3FCD16A21D79793600C57B22 /* Products */;
			projectDirPath = "";
			projectRoot = "";
			targets = (
				3FCD16A01D79793600C57B22 /* Fluor */,
			);
		};
/* End PBXProject section */

/* Begin PBXResourcesBuildPhase section */
		3FCD169F1D79793600C57B22 /* Resources */ = {
			isa = PBXResourcesBuildPhase;
			buildActionMask = 2147483647;
			files = (
				3FCD16A71D79793600C57B22 /* Assets.xcassets in Resources */,
				3FE784E12053D455007F6200 /* README.md in Resources */,
				3F0A2A332014BA2D009F9610 /* RunningApps.storyboard in Resources */,
				3FA012B71FFBE9AB0095D4D4 /* SelectableMenuItemView.xib in Resources */,
				3F3CF3481FBF8B79005E8EB0 /* Preferences.storyboard in Resources */,
				3F3433341E50C53A009F4D86 /* ReleaseNotes.rtf in Resources */,
				3F6D52CA2069659800517E57 /* About.storyboard in Resources */,
				3F3433321E50C2E0009F4D86 /* ReleaseNotesWindowController.xib in Resources */,
				3F4ABD0E201937B30075B178 /* RulesEditor.storyboard in Resources */,
				3FCD16AA1D79793600C57B22 /* MainMenu.xib in Resources */,
			);
			runOnlyForDeploymentPostprocessing = 0;
		};
/* End PBXResourcesBuildPhase section */

/* Begin PBXShellScriptBuildPhase section */
		3F5A67D61D81601200F8D87F /* ShellScript */ = {
			isa = PBXShellScriptBuildPhase;
			buildActionMask = 2147483647;
			files = (
			);
			inputPaths = (
			);
			outputPaths = (
			);
			runOnlyForDeploymentPostprocessing = 0;
			shellPath = /bin/sh;
			shellScript = "buildNumber=$(/usr/libexec/PlistBuddy -c \"Print CFBundleVersion\" \"${PROJECT_DIR}/${INFOPLIST_FILE}\")\nbuildNumber=$(($buildNumber + 1))\n/usr/libexec/PlistBuddy -c \"Set :CFBundleVersion $buildNumber\" \"${PROJECT_DIR}/${INFOPLIST_FILE}\"\n\nFILE=\"${SRCROOT}/HockeySDK-Mac/BuildAgent\"\nif [ -f \"$FILE\" ]; then\n\"$FILE\"\nfi";
		};
/* End PBXShellScriptBuildPhase section */

/* Begin PBXSourcesBuildPhase section */
		3FCD169D1D79793600C57B22 /* Sources */ = {
			isa = PBXSourcesBuildPhase;
			buildActionMask = 2147483647;
			files = (
				3F2571F41FDBD43500020194 /* TableViewContentAnimator.swift in Sources */,
				3F7C349C1ED5EBAA0020C538 /* BehaviorController.swift in Sources */,
				3F697A0C1F88D47C007BA558 /* MoverEffectView.swift in Sources */,
				3F6D52CC2069667300517E57 /* AboutViewController.swift in Sources */,
				3FA012B51FFBCCE50095D4D4 /* SelectableMenuItem.swift in Sources */,
				3F0A2A302014BA11009F9610 /* RunningAppsViewController.swift in Sources */,
				3F2FA4031D7A059F003E2AD8 /* CurrentAppViewController.swift in Sources */,
				3F8879911FBF41EC005C28E6 /* NSStoryboardNamesExtension.swift in Sources */,
				3FC44EFC1D7F16CB0065D433 /* RulesItem.swift in Sources */,
				3F2FA3FF1D79D094003E2AD8 /* StatusMenuController.swift in Sources */,
				3FE784DD2052F591007F6200 /* NSViewExtension.swift in Sources */,
				3F84FE81200E655E00871275 /* StoryboardInstantiableProtocol.swift in Sources */,
				3FE2A5F51E5650ED0011E544 /* MenuItemsController.swift in Sources */,
				3F4ABD1020193B8D0075B178 /* RulesEditorViewController.swift in Sources */,
				3FCD16A51D79793600C57B22 /* AppDelegate.swift in Sources */,
				3FE784DF2053D208007F6200 /* FirstMouseEventAccepterView.swift in Sources */,
				3F2FA4011D79D66D003E2AD8 /* DefaultModeViewController.swift in Sources */,
				3F3433311E50C2E0009F4D86 /* ReleaseNotesWindowController.swift in Sources */,
				3FCD16B41D79797600C57B22 /* utils.m in Sources */,
				3F719FDE1FE798600083E7F7 /* SwitchMenuItem.swift in Sources */,
				3F8F93BD1EEAF1EB00FCE91F /* RuleValueTransformer.swift in Sources */,
				3F5F57582016249E002AF4C1 /* RunningAppWindowController.swift in Sources */,
				3F866A24200240D200B06CD0 /* NSObjectExtension.swift in Sources */,
				3F8F93BB1EEAC9B900FCE91F /* RuleCellView.swift in Sources */,
				3FE213291D89A6940023FAC2 /* NotificationHelpers.swift in Sources */,
				3FF2410B1EDB4E0000E524CD /* SwitchMethodViewController.swift in Sources */,
				3FE7E0EA1D7CC01B00DC754D /* RulesEditorWindowController.swift in Sources */,
				3F866A222002203900B06CD0 /* TemplateImageView.swift in Sources */,
				3F7291F22028BC6B005C9B70 /* PreferencesWindowController.swift in Sources */,
				3FE7E0E31D7CBE1700DC754D /* AboutWindowController.swift in Sources */,
				3FE7E0E01D7CA14600DC754D /* LaunchAtLoginController.m in Sources */,
				3F8879931FBF5F2A005C28E6 /* PreferencesTabViewController.swift in Sources */,
				3F2FA4051D7A1F87003E2AD8 /* BehaviorManager.swift in Sources */,
				3F6D52CE20696E2100517E57 /* LinkButton.swift in Sources */,
				3FC44EFA1D7F169A0065D433 /* Enums.swift in Sources */,
				3F6D52C7205BC82B00517E57 /* KeepSafe.swift in Sources */,
			);
			runOnlyForDeploymentPostprocessing = 0;
		};
/* End PBXSourcesBuildPhase section */

/* Begin PBXVariantGroup section */
		3F0A2A312014BA2D009F9610 /* RunningApps.storyboard */ = {
			isa = PBXVariantGroup;
			children = (
				3F0A2A322014BA2D009F9610 /* Base */,
			);
			name = RunningApps.storyboard;
			sourceTree = "<group>";
		};
		3F4ABD0C201937B30075B178 /* RulesEditor.storyboard */ = {
			isa = PBXVariantGroup;
			children = (
				3F4ABD0D201937B30075B178 /* Base */,
			);
			name = RulesEditor.storyboard;
			sourceTree = "<group>";
		};
		3F6D52C82069659800517E57 /* About.storyboard */ = {
			isa = PBXVariantGroup;
			children = (
				3F6D52C92069659800517E57 /* Base */,
			);
			name = About.storyboard;
			sourceTree = "<group>";
		};
		3FCD16A81D79793600C57B22 /* MainMenu.xib */ = {
			isa = PBXVariantGroup;
			children = (
				3FCD16A91D79793600C57B22 /* Base */,
			);
			name = MainMenu.xib;
			sourceTree = "<group>";
		};
/* End PBXVariantGroup section */

/* Begin XCBuildConfiguration section */
		3FCD16AC1D79793600C57B22 /* Debug */ = {
			isa = XCBuildConfiguration;
			buildSettings = {
				ALWAYS_SEARCH_USER_PATHS = NO;
				CLANG_ANALYZER_NONNULL = YES;
				CLANG_CXX_LANGUAGE_STANDARD = "gnu++0x";
				CLANG_CXX_LIBRARY = "libc++";
				CLANG_ENABLE_MODULES = YES;
				CLANG_ENABLE_OBJC_ARC = YES;
				CLANG_WARN_BLOCK_CAPTURE_AUTORELEASING = YES;
				CLANG_WARN_BOOL_CONVERSION = YES;
				CLANG_WARN_COMMA = YES;
				CLANG_WARN_CONSTANT_CONVERSION = YES;
				CLANG_WARN_DIRECT_OBJC_ISA_USAGE = YES_ERROR;
				CLANG_WARN_DOCUMENTATION_COMMENTS = YES;
				CLANG_WARN_EMPTY_BODY = YES;
				CLANG_WARN_ENUM_CONVERSION = YES;
				CLANG_WARN_INFINITE_RECURSION = YES;
				CLANG_WARN_INT_CONVERSION = YES;
				CLANG_WARN_NON_LITERAL_NULL_CONVERSION = YES;
				CLANG_WARN_OBJC_LITERAL_CONVERSION = YES;
				CLANG_WARN_OBJC_ROOT_CLASS = YES_ERROR;
				CLANG_WARN_RANGE_LOOP_ANALYSIS = YES;
				CLANG_WARN_STRICT_PROTOTYPES = YES;
				CLANG_WARN_SUSPICIOUS_MOVE = YES;
				CLANG_WARN_SUSPICIOUS_MOVES = YES;
				CLANG_WARN_UNREACHABLE_CODE = YES;
				CLANG_WARN__DUPLICATE_METHOD_MATCH = YES;
				CODE_SIGN_IDENTITY = "-";
				COPY_PHASE_STRIP = NO;
				DEBUG_INFORMATION_FORMAT = dwarf;
				ENABLE_STRICT_OBJC_MSGSEND = YES;
				ENABLE_TESTABILITY = YES;
				GCC_C_LANGUAGE_STANDARD = gnu99;
				GCC_DYNAMIC_NO_PIC = NO;
				GCC_NO_COMMON_BLOCKS = YES;
				GCC_OPTIMIZATION_LEVEL = 0;
				GCC_PREPROCESSOR_DEFINITIONS = (
					"DEBUG=1",
					"$(inherited)",
				);
				GCC_WARN_64_TO_32_BIT_CONVERSION = YES;
				GCC_WARN_ABOUT_RETURN_TYPE = YES_ERROR;
				GCC_WARN_UNDECLARED_SELECTOR = YES;
				GCC_WARN_UNINITIALIZED_AUTOS = YES_AGGRESSIVE;
				GCC_WARN_UNUSED_FUNCTION = YES;
				GCC_WARN_UNUSED_VARIABLE = YES;
				MACOSX_DEPLOYMENT_TARGET = 10.10;
				MTL_ENABLE_DEBUG_INFO = YES;
				ONLY_ACTIVE_ARCH = YES;
				SDKROOT = macosx;
				SWIFT_ACTIVE_COMPILATION_CONDITIONS = DEBUG;
				SWIFT_OPTIMIZATION_LEVEL = "-Onone";
				SWIFT_SWIFT3_OBJC_INFERENCE = Default;
			};
			name = Debug;
		};
		3FCD16AD1D79793600C57B22 /* Release */ = {
			isa = XCBuildConfiguration;
			buildSettings = {
				ALWAYS_SEARCH_USER_PATHS = NO;
				CLANG_ANALYZER_NONNULL = YES;
				CLANG_CXX_LANGUAGE_STANDARD = "gnu++0x";
				CLANG_CXX_LIBRARY = "libc++";
				CLANG_ENABLE_MODULES = YES;
				CLANG_ENABLE_OBJC_ARC = YES;
				CLANG_WARN_BLOCK_CAPTURE_AUTORELEASING = YES;
				CLANG_WARN_BOOL_CONVERSION = YES;
				CLANG_WARN_COMMA = YES;
				CLANG_WARN_CONSTANT_CONVERSION = YES;
				CLANG_WARN_DIRECT_OBJC_ISA_USAGE = YES_ERROR;
				CLANG_WARN_DOCUMENTATION_COMMENTS = YES;
				CLANG_WARN_EMPTY_BODY = YES;
				CLANG_WARN_ENUM_CONVERSION = YES;
				CLANG_WARN_INFINITE_RECURSION = YES;
				CLANG_WARN_INT_CONVERSION = YES;
				CLANG_WARN_NON_LITERAL_NULL_CONVERSION = YES;
				CLANG_WARN_OBJC_LITERAL_CONVERSION = YES;
				CLANG_WARN_OBJC_ROOT_CLASS = YES_ERROR;
				CLANG_WARN_RANGE_LOOP_ANALYSIS = YES;
				CLANG_WARN_STRICT_PROTOTYPES = YES;
				CLANG_WARN_SUSPICIOUS_MOVE = YES;
				CLANG_WARN_SUSPICIOUS_MOVES = YES;
				CLANG_WARN_UNREACHABLE_CODE = YES;
				CLANG_WARN__DUPLICATE_METHOD_MATCH = YES;
				CODE_SIGN_IDENTITY = "-";
				COPY_PHASE_STRIP = NO;
				DEBUG_INFORMATION_FORMAT = "dwarf-with-dsym";
				ENABLE_NS_ASSERTIONS = NO;
				ENABLE_STRICT_OBJC_MSGSEND = YES;
				GCC_C_LANGUAGE_STANDARD = gnu99;
				GCC_NO_COMMON_BLOCKS = YES;
				GCC_WARN_64_TO_32_BIT_CONVERSION = YES;
				GCC_WARN_ABOUT_RETURN_TYPE = YES_ERROR;
				GCC_WARN_UNDECLARED_SELECTOR = YES;
				GCC_WARN_UNINITIALIZED_AUTOS = YES_AGGRESSIVE;
				GCC_WARN_UNUSED_FUNCTION = YES;
				GCC_WARN_UNUSED_VARIABLE = YES;
				MACOSX_DEPLOYMENT_TARGET = 10.10;
				MTL_ENABLE_DEBUG_INFO = NO;
				SDKROOT = macosx;
				SWIFT_OPTIMIZATION_LEVEL = "-Owholemodule";
				SWIFT_SWIFT3_OBJC_INFERENCE = Default;
			};
			name = Release;
		};
		3FCD16AF1D79793600C57B22 /* Debug */ = {
			isa = XCBuildConfiguration;
			buildSettings = {
				ASSETCATALOG_COMPILER_APPICON_NAME = AppIcon;
				CLANG_ENABLE_MODULES = YES;
				CODE_SIGN_IDENTITY = "Mac Developer";
				COMBINE_HIDPI_IMAGES = YES;
				DEVELOPMENT_TEAM = Q2E884V952;
				FRAMEWORK_SEARCH_PATHS = (
					"$(inherited)",
					"$(PROJECT_DIR)/Fluor",
					"$(PROJECT_DIR)/HockeySDK-Mac",
				);
				INFOPLIST_FILE = Fluor/Info.plist;
				LD_RUNPATH_SEARCH_PATHS = "$(inherited) @executable_path/../Frameworks";
				MACOSX_DEPLOYMENT_TARGET = 10.11;
				PRODUCT_BUNDLE_IDENTIFIER = com.pyrolyse.Fluor;
				PRODUCT_NAME = "$(TARGET_NAME)";
				SWIFT_OBJC_BRIDGING_HEADER = "Fluor/Fluor-Bridging-Header.h";
				SWIFT_OPTIMIZATION_LEVEL = "-Onone";
				SWIFT_SWIFT3_OBJC_INFERENCE = Default;
				SWIFT_VERSION = 4.0;
			};
			name = Debug;
		};
		3FCD16B01D79793600C57B22 /* Release */ = {
			isa = XCBuildConfiguration;
			buildSettings = {
				ASSETCATALOG_COMPILER_APPICON_NAME = AppIcon;
				CLANG_ENABLE_MODULES = YES;
				CODE_SIGN_IDENTITY = "Mac Developer";
				COMBINE_HIDPI_IMAGES = YES;
				DEVELOPMENT_TEAM = Q2E884V952;
				FRAMEWORK_SEARCH_PATHS = (
					"$(inherited)",
					"$(PROJECT_DIR)/Fluor",
					"$(PROJECT_DIR)/HockeySDK-Mac",
				);
				INFOPLIST_FILE = Fluor/Info.plist;
				LD_RUNPATH_SEARCH_PATHS = "$(inherited) @executable_path/../Frameworks";
				MACOSX_DEPLOYMENT_TARGET = 10.11;
				PRODUCT_BUNDLE_IDENTIFIER = com.pyrolyse.Fluor;
				PRODUCT_NAME = "$(TARGET_NAME)";
				SWIFT_OBJC_BRIDGING_HEADER = "Fluor/Fluor-Bridging-Header.h";
				SWIFT_SWIFT3_OBJC_INFERENCE = Default;
				SWIFT_VERSION = 4.0;
			};
			name = Release;
		};
/* End XCBuildConfiguration section */

/* Begin XCConfigurationList section */
		3FCD169C1D79793600C57B22 /* Build configuration list for PBXProject "Fluor" */ = {
			isa = XCConfigurationList;
			buildConfigurations = (
				3FCD16AC1D79793600C57B22 /* Debug */,
				3FCD16AD1D79793600C57B22 /* Release */,
			);
			defaultConfigurationIsVisible = 0;
			defaultConfigurationName = Release;
		};
		3FCD16AE1D79793600C57B22 /* Build configuration list for PBXNativeTarget "Fluor" */ = {
			isa = XCConfigurationList;
			buildConfigurations = (
				3FCD16AF1D79793600C57B22 /* Debug */,
				3FCD16B01D79793600C57B22 /* Release */,
			);
			defaultConfigurationIsVisible = 0;
			defaultConfigurationName = Release;
		};
/* End XCConfigurationList section */
	};
	rootObject = 3FCD16991D79793600C57B22 /* Project object */;
}
